
Microsoft Visual Studio Solution File, Format Version 12.00
# Visual Studio Version 17
VisualStudioVersion = 17.8.34330.188
MinimumVisualStudioVersion = 10.0.40219.1
Project("{FAE04EC0-301F-11D3-BF4B-00C04F79EFBC}") = "DoodleLike", "DoodleLike\DoodleLike.csproj", "{A9F08935-013B-436B-9631-2FA9DDEE2B5F}"
EndProject
Global
	GlobalSection(SolutionConfigurationPlatforms) = preSolution
		Debug|Any CPU = Debug|Any CPU
		Release|Any CPU = Release|Any CPU
	EndGlobalSection
	GlobalSection(ProjectConfigurationPlatforms) = postSolution
		{A9F08935-013B-436B-9631-2FA9DDEE2B5F}.Debug|Any CPU.ActiveCfg = Debug|Any CPU
		{A9F08935-013B-436B-9631-2FA9DDEE2B5F}.Debug|Any CPU.Build.0 = Debug|Any CPU
		{A9F08935-013B-436B-9631-2FA9DDEE2B5F}.Release|Any CPU.ActiveCfg = Release|Any CPU
		{A9F08935-013B-436B-9631-2FA9DDEE2B5F}.Release|Any CPU.Build.0 = Release|Any CPU
	EndGlobalSection
	GlobalSection(SolutionProperties) = preSolution
		HideSolutionNode = FALSE
	EndGlobalSection
	GlobalSection(ExtensibilityGlobals) = postSolution
		SolutionGuid = {797E107C-33F9-4133-8005-678F4BF59607}
	EndGlobalSection
EndGlobal
